
Microsoft Visual Studio Solution File, Format Version 12.00
# Visual Studio 15
VisualStudioVersion = 15.0.28010.2041
MinimumVisualStudioVersion = 10.0.40219.1
Project("{888888A0-9F3D-457C-B088-3A5042F75D52}") = "2048", "2048\2048.pyproj", "{E8EF8470-BAB3-4697-9B99-5BF8372E8A2A}"
EndProject
Global
	GlobalSection(SolutionConfigurationPlatforms) = preSolution
		Debug|Any CPU = Debug|Any CPU
		Release|Any CPU = Release|Any CPU
	EndGlobalSection
	GlobalSection(ProjectConfigurationPlatforms) = postSolution
		{E8EF8470-BAB3-4697-9B99-5BF8372E8A2A}.Debug|Any CPU.ActiveCfg = Debug|Any CPU
		{E8EF8470-BAB3-4697-9B99-5BF8372E8A2A}.Release|Any CPU.ActiveCfg = Release|Any CPU
	EndGlobalSection
	GlobalSection(SolutionProperties) = preSolution
		HideSolutionNode = FALSE
	EndGlobalSection
	GlobalSection(ExtensibilityGlobals) = postSolution
		SolutionGuid = {B79EB724-8BB4-48D1-9071-F35FE12C0D3E}
	EndGlobalSection
EndGlobal
